
Microsoft Visual Studio Solution File, Format Version 12.00
# Visual Studio Version 17
VisualStudioVersion = 17.1.32421.90
MinimumVisualStudioVersion = 10.0.40219.1
Project("{FAE04EC0-301F-11D3-BF4B-00C04F79EFBC}") = "OOP6-IDZ", "OOP6-IDZ\OOP6-IDZ.csproj", "{55BCE248-C5EC-40F6-8540-3A43020FEB38}"
EndProject
Global
	GlobalSection(SolutionConfigurationPlatforms) = preSolution
		Debug|Any CPU = Debug|Any CPU
		Release|Any CPU = Release|Any CPU
	EndGlobalSection
	GlobalSection(ProjectConfigurationPlatforms) = postSolution
		{55BCE248-C5EC-40F6-8540-3A43020FEB38}.Debug|Any CPU.ActiveCfg = Debug|Any CPU
		{55BCE248-C5EC-40F6-8540-3A43020FEB38}.Debug|Any CPU.Build.0 = Debug|Any CPU
		{55BCE248-C5EC-40F6-8540-3A43020FEB38}.Release|Any CPU.ActiveCfg = Release|Any CPU
		{55BCE248-C5EC-40F6-8540-3A43020FEB38}.Release|Any CPU.Build.0 = Release|Any CPU
	EndGlobalSection
	GlobalSection(SolutionProperties) = preSolution
		HideSolutionNode = FALSE
	EndGlobalSection
	GlobalSection(ExtensibilityGlobals) = postSolution
		SolutionGuid = {67D43D5D-FDD4-4278-8957-E76D140C16F4}
	EndGlobalSection
EndGlobal
